
Microsoft Visual Studio Solution File, Format Version 12.00
# Visual Studio Version 16
VisualStudioVersion = 16.0.31019.35
MinimumVisualStudioVersion = 10.0.40219.1
Project("{FAE04EC0-301F-11D3-BF4B-00C04F79EFBC}") = "PracticeAlgorithms", "PracticeAlgorithms\PracticeAlgorithms.csproj", "{1E82ABD8-8764-4EFE-A3FD-8EBA00AED757}"
EndProject
Global
	GlobalSection(SolutionConfigurationPlatforms) = preSolution
		Debug|Any CPU = Debug|Any CPU
		Release|Any CPU = Release|Any CPU
	EndGlobalSection
	GlobalSection(ProjectConfigurationPlatforms) = postSolution
		{1E82ABD8-8764-4EFE-A3FD-8EBA00AED757}.Debug|Any CPU.ActiveCfg = Debug|Any CPU
		{1E82ABD8-8764-4EFE-A3FD-8EBA00AED757}.Debug|Any CPU.Build.0 = Debug|Any CPU
		{1E82ABD8-8764-4EFE-A3FD-8EBA00AED757}.Release|Any CPU.ActiveCfg = Release|Any CPU
		{1E82ABD8-8764-4EFE-A3FD-8EBA00AED757}.Release|Any CPU.Build.0 = Release|Any CPU
	EndGlobalSection
	GlobalSection(SolutionProperties) = preSolution
		HideSolutionNode = FALSE
	EndGlobalSection
	GlobalSection(ExtensibilityGlobals) = postSolution
		SolutionGuid = {F0E4DAF4-320F-4E33-ABA9-B604E0D52E87}
	EndGlobalSection
EndGlobal
