
Microsoft Visual Studio Solution File, Format Version 12.00
# Visual Studio Version 16
VisualStudioVersion = 16.0.31910.168
MinimumVisualStudioVersion = 10.0.40219.1
Project("{FAE04EC0-301F-11D3-BF4B-00C04F79EFBC}") = "Practice", "Practice\Practice.csproj", "{02E9F279-7C5F-4E92-9C06-42BF7B72F98B}"
EndProject
Global
	GlobalSection(SolutionConfigurationPlatforms) = preSolution
		Debug|Any CPU = Debug|Any CPU
		Release|Any CPU = Release|Any CPU
	EndGlobalSection
	GlobalSection(ProjectConfigurationPlatforms) = postSolution
		{02E9F279-7C5F-4E92-9C06-42BF7B72F98B}.Debug|Any CPU.ActiveCfg = Debug|Any CPU
		{02E9F279-7C5F-4E92-9C06-42BF7B72F98B}.Debug|Any CPU.Build.0 = Debug|Any CPU
		{02E9F279-7C5F-4E92-9C06-42BF7B72F98B}.Release|Any CPU.ActiveCfg = Release|Any CPU
		{02E9F279-7C5F-4E92-9C06-42BF7B72F98B}.Release|Any CPU.Build.0 = Release|Any CPU
	EndGlobalSection
	GlobalSection(SolutionProperties) = preSolution
		HideSolutionNode = FALSE
	EndGlobalSection
	GlobalSection(ExtensibilityGlobals) = postSolution
		SolutionGuid = {BE18A338-70F7-481B-BFF8-00758AA07BC5}
	EndGlobalSection
EndGlobal
